
Microsoft Visual Studio Solution File, Format Version 12.00
# Visual Studio Version 17
VisualStudioVersion = 17.7.34221.43
MinimumVisualStudioVersion = 10.0.40219.1
Project("{FAE04EC0-301F-11D3-BF4B-00C04F79EFBC}") = "Musikkbibliotek", "Musikkbibliotek\Musikkbibliotek.csproj", "{2164ADF3-65A3-43A8-B957-DE6ACC944B51}"
EndProject
Global
	GlobalSection(SolutionConfigurationPlatforms) = preSolution
		Debug|Any CPU = Debug|Any CPU
		Release|Any CPU = Release|Any CPU
	EndGlobalSection
	GlobalSection(ProjectConfigurationPlatforms) = postSolution
		{2164ADF3-65A3-43A8-B957-DE6ACC944B51}.Debug|Any CPU.ActiveCfg = Debug|Any CPU
		{2164ADF3-65A3-43A8-B957-DE6ACC944B51}.Debug|Any CPU.Build.0 = Debug|Any CPU
		{2164ADF3-65A3-43A8-B957-DE6ACC944B51}.Release|Any CPU.ActiveCfg = Release|Any CPU
		{2164ADF3-65A3-43A8-B957-DE6ACC944B51}.Release|Any CPU.Build.0 = Release|Any CPU
	EndGlobalSection
	GlobalSection(SolutionProperties) = preSolution
		HideSolutionNode = FALSE
	EndGlobalSection
	GlobalSection(ExtensibilityGlobals) = postSolution
		SolutionGuid = {E3532B1D-51C7-4FB2-86EC-3176402D4F14}
	EndGlobalSection
EndGlobal
